<?xml version="1.0" encoding="utf-8"?>
<Project ToolsVersion="4.0" xmlns="http://schemas.microsoft.com/developer/msbuild/2003">
  <ItemGroup>
    <Filter Include="헤더 파일">
      <UniqueIdentifier>{93995380-89BD-4b04-88EB-625FBE52EBFB}</UniqueIdentifier>
      <Extensions>h;hh;hpp;hxx;hm;inl;inc;ipp;xsd</Extensions>
    </Filter>
    <Filter Include="리소스 파일">
      <UniqueIdentifier>{67DA6AB6-F800-4c08-8B7A-83BB121AAD01}</UniqueIdentifier>
      <Extensions>rc;ico;cur;bmp;dlg;rc2;rct;bin;rgs;gif;jpg;jpeg;jpe;resx;tiff;tif;png;wav;mfcribbon-ms</Extensions>
    </Filter>
    <Filter Include="소스 파일">
      <UniqueIdentifier>{cb766c15-6a01-4704-a3e1-b7ed465cd419}</UniqueIdentifier>
    </Filter>
  </ItemGroup>
  <ItemGroup>
    <None Include="path.inp">
      <Filter>리소스 파일</Filter>
    </None>
    <None Include="path.out">
      <Filter>리소스 파일</Filter>
    </None>
    <None Include="primefactor.inp">
      <Filter>리소스 파일</Filter>
    </None>
    <None Include="primefactor.out">
      <Filter>리소스 파일</Filter>
    </None>
    <None Include="sequence.inp">
      <Filter>리소스 파일</Filter>
    </None>
    <None Include="sequence.out">
      <Filter>리소스 파일</Filter>
    </None>
    <None Include="polygon.inp">
      <Filter>리소스 파일</Filter>
    </None>
    <None Include="polygon.out">
      <Filter>리소스 파일</Filter>
    </None>
    <None Include="bowling.out">
      <Filter>리소스 파일</Filter>
    </None>
    <None Include="hanoi.inp">
      <Filter>리소스 파일</Filter>
    </None>
    <None Include="hanoi.out">
      <Filter>리소스 파일</Filter>
    </None>
    <None Include="picnic.inp">
      <Filter>리소스 파일</Filter>
    </None>
    <None Include="picnic.out">
      <Filter>리소스 파일</Filter>
    </None>
    <None Include="quadtree.inp">
      <Filter>리소스 파일</Filter>
    </None>
    <None Include="quadtree.out">
      <Filter>리소스 파일</Filter>
    </None>
    <None Include="tree.inp">
      <Filter>리소스 파일</Filter>
    </None>
    <None Include="tree.out">
      <Filter>리소스 파일</Filter>
    </None>
    <None Include="bowling.inp">
      <Filter>리소스 파일</Filter>
    </None>
  </ItemGroup>
  <ItemGroup>
    <ClCompile Include="primefactor.cpp">
      <Filter>소스 파일</Filter>
    </ClCompile>
    <ClCompile Include="priority_queue.cpp">
      <Filter>소스 파일</Filter>
    </ClCompile>
    <ClCompile Include="sequence.cpp">
      <Filter>소스 파일</Filter>
    </ClCompile>
    <ClCompile Include="sort.cpp">
      <Filter>소스 파일</Filter>
    </ClCompile>
    <ClCompile Include="DFS,BFS.cpp">
      <Filter>소스 파일</Filter>
    </ClCompile>
    <ClCompile Include="dynamic_programming.cpp">
      <Filter>소스 파일</Filter>
    </ClCompile>
    <ClCompile Include="path.cpp">
      <Filter>소스 파일</Filter>
    </ClCompile>
    <ClCompile Include="polygon.cpp">
      <Filter>소스 파일</Filter>
    </ClCompile>
    <ClCompile Include="bowling.cpp">
      <Filter>소스 파일</Filter>
    </ClCompile>
    <ClCompile Include="hanoi.cpp">
      <Filter>소스 파일</Filter>
    </ClCompile>
    <ClCompile Include="path_.cpp">
      <Filter>소스 파일</Filter>
    </ClCompile>
    <ClCompile Include="picnic.cpp">
      <Filter>소스 파일</Filter>
    </ClCompile>
    <ClCompile Include="quadtree.cpp">
      <Filter>소스 파일</Filter>
    </ClCompile>
  </ItemGroup>
</Project>